
Microsoft Visual Studio Solution File, Format Version 12.00
# Visual Studio Version 17
VisualStudioVersion = 17.11.35327.3
MinimumVisualStudioVersion = 10.0.40219.1
Project("{FAE04EC0-301F-11D3-BF4B-00C04F79EFBC}") = "ex002", "ex002.csproj", "{DCAF319C-DBC5-4820-B1CE-D4B8B0541F65}"
EndProject
Global
	GlobalSection(SolutionConfigurationPlatforms) = preSolution
		Debug|Any CPU = Debug|Any CPU
		Release|Any CPU = Release|Any CPU
	EndGlobalSection
	GlobalSection(ProjectConfigurationPlatforms) = postSolution
		{DCAF319C-DBC5-4820-B1CE-D4B8B0541F65}.Debug|Any CPU.ActiveCfg = Debug|Any CPU
		{DCAF319C-DBC5-4820-B1CE-D4B8B0541F65}.Debug|Any CPU.Build.0 = Debug|Any CPU
		{DCAF319C-DBC5-4820-B1CE-D4B8B0541F65}.Release|Any CPU.ActiveCfg = Release|Any CPU
		{DCAF319C-DBC5-4820-B1CE-D4B8B0541F65}.Release|Any CPU.Build.0 = Release|Any CPU
	EndGlobalSection
	GlobalSection(SolutionProperties) = preSolution
		HideSolutionNode = FALSE
	EndGlobalSection
	GlobalSection(ExtensibilityGlobals) = postSolution
		SolutionGuid = {599DE43B-6C02-4D89-8A7F-2C7C3D88BD43}
	EndGlobalSection
EndGlobal
