
Microsoft Visual Studio Solution File, Format Version 12.00
# Visual Studio Version 17
VisualStudioVersion = 17.11.35327.3
MinimumVisualStudioVersion = 10.0.40219.1
Project("{FAE04EC0-301F-11D3-BF4B-00C04F79EFBC}") = "ex_estrutura de repetição", "ex_estrutura de repetição.csproj", "{3C6BC02B-FA35-4C70-93C4-74A74B7561B9}"
EndProject
Global
	GlobalSection(SolutionConfigurationPlatforms) = preSolution
		Debug|Any CPU = Debug|Any CPU
		Release|Any CPU = Release|Any CPU
	EndGlobalSection
	GlobalSection(ProjectConfigurationPlatforms) = postSolution
		{3C6BC02B-FA35-4C70-93C4-74A74B7561B9}.Debug|Any CPU.ActiveCfg = Debug|Any CPU
		{3C6BC02B-FA35-4C70-93C4-74A74B7561B9}.Debug|Any CPU.Build.0 = Debug|Any CPU
		{3C6BC02B-FA35-4C70-93C4-74A74B7561B9}.Release|Any CPU.ActiveCfg = Release|Any CPU
		{3C6BC02B-FA35-4C70-93C4-74A74B7561B9}.Release|Any CPU.Build.0 = Release|Any CPU
	EndGlobalSection
	GlobalSection(SolutionProperties) = preSolution
		HideSolutionNode = FALSE
	EndGlobalSection
	GlobalSection(ExtensibilityGlobals) = postSolution
		SolutionGuid = {CD92B74A-DADF-4321-B7E6-571CFB6F0209}
	EndGlobalSection
EndGlobal
